
Microsoft Visual Studio Solution File, Format Version 12.00
# Visual Studio Version 16
VisualStudioVersion = 16.0.31829.152
MinimumVisualStudioVersion = 10.0.40219.1
Project("{FAE04EC0-301F-11D3-BF4B-00C04F79EFBC}") = "Lesson17_17", "Lesson17_17\Lesson17_17.csproj", "{CE541486-5D9C-44E5-A693-167A15536BD7}"
EndProject
Global
	GlobalSection(SolutionConfigurationPlatforms) = preSolution
		Debug|Any CPU = Debug|Any CPU
		Release|Any CPU = Release|Any CPU
	EndGlobalSection
	GlobalSection(ProjectConfigurationPlatforms) = postSolution
		{CE541486-5D9C-44E5-A693-167A15536BD7}.Debug|Any CPU.ActiveCfg = Debug|Any CPU
		{CE541486-5D9C-44E5-A693-167A15536BD7}.Debug|Any CPU.Build.0 = Debug|Any CPU
		{CE541486-5D9C-44E5-A693-167A15536BD7}.Release|Any CPU.ActiveCfg = Release|Any CPU
		{CE541486-5D9C-44E5-A693-167A15536BD7}.Release|Any CPU.Build.0 = Release|Any CPU
	EndGlobalSection
	GlobalSection(SolutionProperties) = preSolution
		HideSolutionNode = FALSE
	EndGlobalSection
	GlobalSection(ExtensibilityGlobals) = postSolution
		SolutionGuid = {1BB9EB82-739C-4851-8B43-864500AE37A8}
	EndGlobalSection
EndGlobal
